
Microsoft Visual Studio Solution File, Format Version 12.00
# Visual Studio 15
VisualStudioVersion = 15.0.26228.4
MinimumVisualStudioVersion = 10.0.40219.1
Project("{FAE04EC0-301F-11D3-BF4B-00C04F79EFBC}") = "Web", "CountriesWithCities\Web.csproj", "{89B42D1F-25B2-46D0-8D80-E186E0734313}"
EndProject
Project("{2150E333-8FDC-42A3-9474-1A3956D46DE8}") = "CountriesWithCities.Models", "CountriesWithCities.Models", "{AF840755-556A-43DB-84E6-DAB0DCCDDA5E}"
EndProject
Project("{FAE04EC0-301F-11D3-BF4B-00C04F79EFBC}") = "CountriesWithCities.Models", "CountriesWithCities.Models\CountriesWithCities.Models.csproj", "{0AE9EF16-4D58-4919-88FC-938C4FECB968}"
EndProject
Project("{FAE04EC0-301F-11D3-BF4B-00C04F79EFBC}") = "CountriesWithCities.Models.Tests", "CountriesWithCities.Models.Tests\CountriesWithCities.Models.Tests.csproj", "{E190834D-BEE9-46CE-B218-440A02F6446E}"
EndProject
Project("{FAE04EC0-301F-11D3-BF4B-00C04F79EFBC}") = "CountriesWithCities.Models.Tools", "CountriesWithCities.Models.Tools\CountriesWithCities.Models.Tools.csproj", "{E64D132E-D9E9-4FCA-9A14-91A5E1EAE42E}"
EndProject
Project("{2150E333-8FDC-42A3-9474-1A3956D46DE8}") = "CountriesWithCities.Infrastructure", "CountriesWithCities.Infrastructure", "{6D2B282D-7F3A-4F03-8636-D7D37CBA6E38}"
EndProject
Project("{FAE04EC0-301F-11D3-BF4B-00C04F79EFBC}") = "CountriesWithCities.Infrastructure.Services", "CountriesWithCities.Infrastructure.Services\CountriesWithCities.Infrastructure.Services.csproj", "{AAC22879-5DC7-44D7-86A2-4BC6C93F9B33}"
EndProject
Project("{FAE04EC0-301F-11D3-BF4B-00C04F79EFBC}") = "CountriesWithCities.Infrastructure.Repositories", "CountriesWithCities.Infrastructure.Repositories\CountriesWithCities.Infrastructure.Repositories.csproj", "{438F44E1-1539-4991-B777-4BDFA8B7B4AE}"
EndProject
Project("{2150E333-8FDC-42A3-9474-1A3956D46DE8}") = "_Framework", "_Framework", "{E6EB2B5A-FC3F-4AE8-BB04-1A9A691D540F}"
EndProject
Project("{FAE04EC0-301F-11D3-BF4B-00C04F79EFBC}") = "Framework.Core", "Framework.Core\Framework.Core.csproj", "{6C090ED8-6476-4412-8DF6-18CC3F81CEEA}"
EndProject
Global
	GlobalSection(SolutionConfigurationPlatforms) = preSolution
		Debug|Any CPU = Debug|Any CPU
		Release|Any CPU = Release|Any CPU
	EndGlobalSection
	GlobalSection(ProjectConfigurationPlatforms) = postSolution
		{89B42D1F-25B2-46D0-8D80-E186E0734313}.Debug|Any CPU.ActiveCfg = Debug|Any CPU
		{89B42D1F-25B2-46D0-8D80-E186E0734313}.Debug|Any CPU.Build.0 = Debug|Any CPU
		{89B42D1F-25B2-46D0-8D80-E186E0734313}.Release|Any CPU.ActiveCfg = Release|Any CPU
		{89B42D1F-25B2-46D0-8D80-E186E0734313}.Release|Any CPU.Build.0 = Release|Any CPU
		{0AE9EF16-4D58-4919-88FC-938C4FECB968}.Debug|Any CPU.ActiveCfg = Debug|Any CPU
		{0AE9EF16-4D58-4919-88FC-938C4FECB968}.Debug|Any CPU.Build.0 = Debug|Any CPU
		{0AE9EF16-4D58-4919-88FC-938C4FECB968}.Release|Any CPU.ActiveCfg = Release|Any CPU
		{0AE9EF16-4D58-4919-88FC-938C4FECB968}.Release|Any CPU.Build.0 = Release|Any CPU
		{E190834D-BEE9-46CE-B218-440A02F6446E}.Debug|Any CPU.ActiveCfg = Debug|Any CPU
		{E190834D-BEE9-46CE-B218-440A02F6446E}.Debug|Any CPU.Build.0 = Debug|Any CPU
		{E190834D-BEE9-46CE-B218-440A02F6446E}.Release|Any CPU.ActiveCfg = Release|Any CPU
		{E190834D-BEE9-46CE-B218-440A02F6446E}.Release|Any CPU.Build.0 = Release|Any CPU
		{E64D132E-D9E9-4FCA-9A14-91A5E1EAE42E}.Debug|Any CPU.ActiveCfg = Debug|Any CPU
		{E64D132E-D9E9-4FCA-9A14-91A5E1EAE42E}.Debug|Any CPU.Build.0 = Debug|Any CPU
		{E64D132E-D9E9-4FCA-9A14-91A5E1EAE42E}.Release|Any CPU.ActiveCfg = Release|Any CPU
		{E64D132E-D9E9-4FCA-9A14-91A5E1EAE42E}.Release|Any CPU.Build.0 = Release|Any CPU
		{AAC22879-5DC7-44D7-86A2-4BC6C93F9B33}.Debug|Any CPU.ActiveCfg = Debug|Any CPU
		{AAC22879-5DC7-44D7-86A2-4BC6C93F9B33}.Debug|Any CPU.Build.0 = Debug|Any CPU
		{AAC22879-5DC7-44D7-86A2-4BC6C93F9B33}.Release|Any CPU.ActiveCfg = Release|Any CPU
		{AAC22879-5DC7-44D7-86A2-4BC6C93F9B33}.Release|Any CPU.Build.0 = Release|Any CPU
		{438F44E1-1539-4991-B777-4BDFA8B7B4AE}.Debug|Any CPU.ActiveCfg = Debug|Any CPU
		{438F44E1-1539-4991-B777-4BDFA8B7B4AE}.Debug|Any CPU.Build.0 = Debug|Any CPU
		{438F44E1-1539-4991-B777-4BDFA8B7B4AE}.Release|Any CPU.ActiveCfg = Release|Any CPU
		{438F44E1-1539-4991-B777-4BDFA8B7B4AE}.Release|Any CPU.Build.0 = Release|Any CPU
		{6C090ED8-6476-4412-8DF6-18CC3F81CEEA}.Debug|Any CPU.ActiveCfg = Debug|Any CPU
		{6C090ED8-6476-4412-8DF6-18CC3F81CEEA}.Debug|Any CPU.Build.0 = Debug|Any CPU
		{6C090ED8-6476-4412-8DF6-18CC3F81CEEA}.Release|Any CPU.ActiveCfg = Release|Any CPU
		{6C090ED8-6476-4412-8DF6-18CC3F81CEEA}.Release|Any CPU.Build.0 = Release|Any CPU
	EndGlobalSection
	GlobalSection(SolutionProperties) = preSolution
		HideSolutionNode = FALSE
	EndGlobalSection
	GlobalSection(NestedProjects) = preSolution
		{0AE9EF16-4D58-4919-88FC-938C4FECB968} = {AF840755-556A-43DB-84E6-DAB0DCCDDA5E}
		{E190834D-BEE9-46CE-B218-440A02F6446E} = {AF840755-556A-43DB-84E6-DAB0DCCDDA5E}
		{E64D132E-D9E9-4FCA-9A14-91A5E1EAE42E} = {AF840755-556A-43DB-84E6-DAB0DCCDDA5E}
		{AAC22879-5DC7-44D7-86A2-4BC6C93F9B33} = {6D2B282D-7F3A-4F03-8636-D7D37CBA6E38}
		{438F44E1-1539-4991-B777-4BDFA8B7B4AE} = {6D2B282D-7F3A-4F03-8636-D7D37CBA6E38}
		{6C090ED8-6476-4412-8DF6-18CC3F81CEEA} = {E6EB2B5A-FC3F-4AE8-BB04-1A9A691D540F}
	EndGlobalSection
EndGlobal
